
Microsoft Visual Studio Solution File, Format Version 12.00
# Visual Studio Version 17
VisualStudioVersion = 17.8.34309.116
MinimumVisualStudioVersion = 10.0.40219.1
Project("{FAE04EC0-301F-11D3-BF4B-00C04F79EFBC}") = "3", "3.csproj", "{FB880BAC-E1EB-442E-85C5-6C99CEEEDC1E}"
EndProject
Global
	GlobalSection(SolutionConfigurationPlatforms) = preSolution
		Debug|Any CPU = Debug|Any CPU
		Release|Any CPU = Release|Any CPU
	EndGlobalSection
	GlobalSection(ProjectConfigurationPlatforms) = postSolution
		{FB880BAC-E1EB-442E-85C5-6C99CEEEDC1E}.Debug|Any CPU.ActiveCfg = Debug|Any CPU
		{FB880BAC-E1EB-442E-85C5-6C99CEEEDC1E}.Debug|Any CPU.Build.0 = Debug|Any CPU
		{FB880BAC-E1EB-442E-85C5-6C99CEEEDC1E}.Release|Any CPU.ActiveCfg = Release|Any CPU
		{FB880BAC-E1EB-442E-85C5-6C99CEEEDC1E}.Release|Any CPU.Build.0 = Release|Any CPU
	EndGlobalSection
	GlobalSection(SolutionProperties) = preSolution
		HideSolutionNode = FALSE
	EndGlobalSection
	GlobalSection(ExtensibilityGlobals) = postSolution
		SolutionGuid = {C3D33F98-DBCF-4F00-9825-55C01608DFF1}
	EndGlobalSection
EndGlobal
