
Microsoft Visual Studio Solution File, Format Version 12.00
# Visual Studio Version 17
VisualStudioVersion = 17.8.34309.116
MinimumVisualStudioVersion = 10.0.40219.1
Project("{FAE04EC0-301F-11D3-BF4B-00C04F79EFBC}") = "aoc_1_cs", "aoc_1_cs\aoc_1_cs.csproj", "{2C086F60-A344-4F91-8ACF-2B76071855FC}"
EndProject
Global
	GlobalSection(SolutionConfigurationPlatforms) = preSolution
		Debug|Any CPU = Debug|Any CPU
		Release|Any CPU = Release|Any CPU
	EndGlobalSection
	GlobalSection(ProjectConfigurationPlatforms) = postSolution
		{2C086F60-A344-4F91-8ACF-2B76071855FC}.Debug|Any CPU.ActiveCfg = Debug|Any CPU
		{2C086F60-A344-4F91-8ACF-2B76071855FC}.Debug|Any CPU.Build.0 = Debug|Any CPU
		{2C086F60-A344-4F91-8ACF-2B76071855FC}.Release|Any CPU.ActiveCfg = Release|Any CPU
		{2C086F60-A344-4F91-8ACF-2B76071855FC}.Release|Any CPU.Build.0 = Release|Any CPU
	EndGlobalSection
	GlobalSection(SolutionProperties) = preSolution
		HideSolutionNode = FALSE
	EndGlobalSection
	GlobalSection(ExtensibilityGlobals) = postSolution
		SolutionGuid = {69AEBECC-3B26-4507-A351-FE40E97D3E7A}
	EndGlobalSection
EndGlobal
